// !$*UTF8*$!
{
	archiveVersion = 1;
	classes = {
	};
	objectVersion = 46;
	objects = {

/* Begin PBXBuildFile section */
		7ACC35741E43302800F0BB9A /* AppDelegate.swift in Sources */ = {isa = PBXBuildFile; fileRef = 7ACC35731E43302800F0BB9A /* AppDelegate.swift */; };
		7ACC35761E43302800F0BB9A /* ViewController.swift in Sources */ = {isa = PBXBuildFile; fileRef = 7ACC35751E43302800F0BB9A /* ViewController.swift */; };
		7ACC35791E43302800F0BB9A /* Main.storyboard in Resources */ = {isa = PBXBuildFile; fileRef = 7ACC35771E43302800F0BB9A /* Main.storyboard */; };
		7ACC357C1E43302800F0BB9A /* PhotoExpresso.xcdatamodeld in Sources */ = {isa = PBXBuildFile; fileRef = 7ACC357A1E43302800F0BB9A /* PhotoExpresso.xcdatamodeld */; };
		7ACC357E1E43302800F0BB9A /* Assets.xcassets in Resources */ = {isa = PBXBuildFile; fileRef = 7ACC357D1E43302800F0BB9A /* Assets.xcassets */; };
		7ACC35811E43302800F0BB9A /* LaunchScreen.storyboard in Resources */ = {isa = PBXBuildFile; fileRef = 7ACC357F1E43302800F0BB9A /* LaunchScreen.storyboard */; };
		7ACC358C1E43302800F0BB9A /* PhotoExpressoTests.swift in Sources */ = {isa = PBXBuildFile; fileRef = 7ACC358B1E43302800F0BB9A /* PhotoExpressoTests.swift */; };
		7ACC35971E43302800F0BB9A /* PhotoExpressoUITests.swift in Sources */ = {isa = PBXBuildFile; fileRef = 7ACC35961E43302800F0BB9A /* PhotoExpressoUITests.swift */; };
/* End PBXBuildFile section */

/* Begin PBXContainerItemProxy section */
		7ACC35881E43302800F0BB9A /* PBXContainerItemProxy */ = {
			isa = PBXContainerItemProxy;
			containerPortal = 7ACC35681E43302800F0BB9A /* Project object */;
			proxyType = 1;
			remoteGlobalIDString = 7ACC356F1E43302800F0BB9A;
			remoteInfo = PhotoExpresso;
		};
		7ACC35931E43302800F0BB9A /* PBXContainerItemProxy */ = {
			isa = PBXContainerItemProxy;
			containerPortal = 7ACC35681E43302800F0BB9A /* Project object */;
			proxyType = 1;
			remoteGlobalIDString = 7ACC356F1E43302800F0BB9A;
			remoteInfo = PhotoExpresso;
		};
/* End PBXContainerItemProxy section */

/* Begin PBXFileReference section */
		7ACC35701E43302800F0BB9A /* PhotoExpresso.app */ = {isa = PBXFileReference; explicitFileType = wrapper.application; includeInIndex = 0; path = PhotoExpresso.app; sourceTree = BUILT_PRODUCTS_DIR; };
		7ACC35731E43302800F0BB9A /* AppDelegate.swift */ = {isa = PBXFileReference; lastKnownFileType = sourcecode.swift; path = AppDelegate.swift; sourceTree = "<group>"; };
		7ACC35751E43302800F0BB9A /* ViewController.swift */ = {isa = PBXFileReference; lastKnownFileType = sourcecode.swift; path = ViewController.swift; sourceTree = "<group>"; };
		7ACC35781E43302800F0BB9A /* Base */ = {isa = PBXFileReference; lastKnownFileType = file.storyboard; name = Base; path = Base.lproj/Main.storyboard; sourceTree = "<group>"; };
		7ACC357B1E43302800F0BB9A /* PhotoExpresso.xcdatamodel */ = {isa = PBXFileReference; lastKnownFileType = wrapper.xcdatamodel; path = PhotoExpresso.xcdatamodel; sourceTree = "<group>"; };
		7ACC357D1E43302800F0BB9A /* Assets.xcassets */ = {isa = PBXFileReference; lastKnownFileType = folder.assetcatalog; path = Assets.xcassets; sourceTree = "<group>"; };
		7ACC35801E43302800F0BB9A /* Base */ = {isa = PBXFileReference; lastKnownFileType = file.storyboard; name = Base; path = Base.lproj/LaunchScreen.storyboard; sourceTree = "<group>"; };
		7ACC35821E43302800F0BB9A /* Info.plist */ = {isa = PBXFileReference; lastKnownFileType = text.plist.xml; path = Info.plist; sourceTree = "<group>"; };
		7ACC35871E43302800F0BB9A /* PhotoExpressoTests.xctest */ = {isa = PBXFileReference; explicitFileType = wrapper.cfbundle; includeInIndex = 0; path = PhotoExpressoTests.xctest; sourceTree = BUILT_PRODUCTS_DIR; };
		7ACC358B1E43302800F0BB9A /* PhotoExpressoTests.swift */ = {isa = PBXFileReference; lastKnownFileType = sourcecode.swift; path = PhotoExpressoTests.swift; sourceTree = "<group>"; };
		7ACC358D1E43302800F0BB9A /* Info.plist */ = {isa = PBXFileReference; lastKnownFileType = text.plist.xml; path = Info.plist; sourceTree = "<group>"; };
		7ACC35921E43302800F0BB9A /* PhotoExpressoUITests.xctest */ = {isa = PBXFileReference; explicitFileType = wrapper.cfbundle; includeInIndex = 0; path = PhotoExpressoUITests.xctest; sourceTree = BUILT_PRODUCTS_DIR; };
		7ACC35961E43302800F0BB9A /* PhotoExpressoUITests.swift */ = {isa = PBXFileReference; lastKnownFileType = sourcecode.swift; path = PhotoExpressoUITests.swift; sourceTree = "<group>"; };
		7ACC35981E43302800F0BB9A /* Info.plist */ = {isa = PBXFileReference; lastKnownFileType = text.plist.xml; path = Info.plist; sourceTree = "<group>"; };
/* End PBXFileReference section */

/* Begin PBXFrameworksBuildPhase section */
		7ACC356D1E43302800F0BB9A /* Frameworks */ = {
			isa = PBXFrameworksBuildPhase;
			buildActionMask = 2147483647;
			files = (
			);
			runOnlyForDeploymentPostprocessing = 0;
		};
		7ACC35841E43302800F0BB9A /* Frameworks */ = {
			isa = PBXFrameworksBuildPhase;
			buildActionMask = 2147483647;
			files = (
			);
			runOnlyForDeploymentPostprocessing = 0;
		};
		7ACC358F1E43302800F0BB9A /* Frameworks */ = {
			isa = PBXFrameworksBuildPhase;
			buildActionMask = 2147483647;
			files = (
			);
			runOnlyForDeploymentPostprocessing = 0;
		};
/* End PBXFrameworksBuildPhase section */

/* Begin PBXGroup section */
		7ACC35671E43302800F0BB9A = {
			isa = PBXGroup;
			children = (
				7ACC35721E43302800F0BB9A /* PhotoExpresso */,
				7ACC358A1E43302800F0BB9A /* PhotoExpressoTests */,
				7ACC35951E43302800F0BB9A /* PhotoExpressoUITests */,
				7ACC35711E43302800F0BB9A /* Products */,
			);
			sourceTree = "<group>";
		};
		7ACC35711E43302800F0BB9A /* Products */ = {
			isa = PBXGroup;
			children = (
				7ACC35701E43302800F0BB9A /* PhotoExpresso.app */,
				7ACC35871E43302800F0BB9A /* PhotoExpressoTests.xctest */,
				7ACC35921E43302800F0BB9A /* PhotoExpressoUITests.xctest */,
			);
			name = Products;
			sourceTree = "<group>";
		};
		7ACC35721E43302800F0BB9A /* PhotoExpresso */ = {
			isa = PBXGroup;
			children = (
				7ACC35731E43302800F0BB9A /* AppDelegate.swift */,
				7ACC35751E43302800F0BB9A /* ViewController.swift */,
				7ACC35771E43302800F0BB9A /* Main.storyboard */,
				7ACC357D1E43302800F0BB9A /* Assets.xcassets */,
				7ACC357F1E43302800F0BB9A /* LaunchScreen.storyboard */,
				7ACC35821E43302800F0BB9A /* Info.plist */,
				7ACC357A1E43302800F0BB9A /* PhotoExpresso.xcdatamodeld */,
			);
			path = PhotoExpresso;
			sourceTree = "<group>";
		};
		7ACC358A1E43302800F0BB9A /* PhotoExpressoTests */ = {
			isa = PBXGroup;
			children = (
				7ACC358B1E43302800F0BB9A /* PhotoExpressoTests.swift */,
				7ACC358D1E43302800F0BB9A /* Info.plist */,
			);
			path = PhotoExpressoTests;
			sourceTree = "<group>";
		};
		7ACC35951E43302800F0BB9A /* PhotoExpressoUITests */ = {
			isa = PBXGroup;
			children = (
				7ACC35961E43302800F0BB9A /* PhotoExpressoUITests.swift */,
				7ACC35981E43302800F0BB9A /* Info.plist */,
			);
			path = PhotoExpressoUITests;
			sourceTree = "<group>";
		};
/* End PBXGroup section */

/* Begin PBXNativeTarget section */
		7ACC356F1E43302800F0BB9A /* PhotoExpresso */ = {
			isa = PBXNativeTarget;
			buildConfigurationList = 7ACC359B1E43302800F0BB9A /* Build configuration list for PBXNativeTarget "PhotoExpresso" */;
			buildPhases = (
				7ACC356C1E43302800F0BB9A /* Sources */,
				7ACC356D1E43302800F0BB9A /* Frameworks */,
				7ACC356E1E43302800F0BB9A /* Resources */,
			);
			buildRules = (
			);
			dependencies = (
			);
			name = PhotoExpresso;
			productName = PhotoExpresso;
			productReference = 7ACC35701E43302800F0BB9A /* PhotoExpresso.app */;
			productType = "com.apple.product-type.application";
		};
		7ACC35861E43302800F0BB9A /* PhotoExpressoTests */ = {
			isa = PBXNativeTarget;
			buildConfigurationList = 7ACC359E1E43302800F0BB9A /* Build configuration list for PBXNativeTarget "PhotoExpressoTests" */;
			buildPhases = (
				7ACC35831E43302800F0BB9A /* Sources */,
				7ACC35841E43302800F0BB9A /* Frameworks */,
				7ACC35851E43302800F0BB9A /* Resources */,
			);
			buildRules = (
			);
			dependencies = (
				7ACC35891E43302800F0BB9A /* PBXTargetDependency */,
			);
			name = PhotoExpressoTests;
			productName = PhotoExpressoTests;
			productReference = 7ACC35871E43302800F0BB9A /* PhotoExpressoTests.xctest */;
			productType = "com.apple.product-type.bundle.unit-test";
		};
		7ACC35911E43302800F0BB9A /* PhotoExpressoUITests */ = {
			isa = PBXNativeTarget;
			buildConfigurationList = 7ACC35A11E43302800F0BB9A /* Build configuration list for PBXNativeTarget "PhotoExpressoUITests" */;
			buildPhases = (
				7ACC358E1E43302800F0BB9A /* Sources */,
				7ACC358F1E43302800F0BB9A /* Frameworks */,
				7ACC35901E43302800F0BB9A /* Resources */,
			);
			buildRules = (
			);
			dependencies = (
				7ACC35941E43302800F0BB9A /* PBXTargetDependency */,
			);
			name = PhotoExpressoUITests;
			productName = PhotoExpressoUITests;
			productReference = 7ACC35921E43302800F0BB9A /* PhotoExpressoUITests.xctest */;
			productType = "com.apple.product-type.bundle.ui-testing";
		};
/* End PBXNativeTarget section */

/* Begin PBXProject section */
		7ACC35681E43302800F0BB9A /* Project object */ = {
			isa = PBXProject;
			attributes = {
				LastSwiftUpdateCheck = 0820;
				LastUpgradeCheck = 0820;
				ORGANIZATIONNAME = Romain;
				TargetAttributes = {
					7ACC356F1E43302800F0BB9A = {
						CreatedOnToolsVersion = 8.2;
						ProvisioningStyle = Automatic;
					};
					7ACC35861E43302800F0BB9A = {
						CreatedOnToolsVersion = 8.2;
						ProvisioningStyle = Automatic;
						TestTargetID = 7ACC356F1E43302800F0BB9A;
					};
					7ACC35911E43302800F0BB9A = {
						CreatedOnToolsVersion = 8.2;
						ProvisioningStyle = Automatic;
						TestTargetID = 7ACC356F1E43302800F0BB9A;
					};
				};
			};
			buildConfigurationList = 7ACC356B1E43302800F0BB9A /* Build configuration list for PBXProject "PhotoExpresso" */;
			compatibilityVersion = "Xcode 3.2";
			developmentRegion = English;
			hasScannedForEncodings = 0;
			knownRegions = (
				en,
				Base,
			);
			mainGroup = 7ACC35671E43302800F0BB9A;
			productRefGroup = 7ACC35711E43302800F0BB9A /* Products */;
			projectDirPath = "";
			projectRoot = "";
			targets = (
				7ACC356F1E43302800F0BB9A /* PhotoExpresso */,
				7ACC35861E43302800F0BB9A /* PhotoExpressoTests */,
				7ACC35911E43302800F0BB9A /* PhotoExpressoUITests */,
			);
		};
/* End PBXProject section */

/* Begin PBXResourcesBuildPhase section */
		7ACC356E1E43302800F0BB9A /* Resources */ = {
			isa = PBXResourcesBuildPhase;
			buildActionMask = 2147483647;
			files = (
				7ACC35811E43302800F0BB9A /* LaunchScreen.storyboard in Resources */,
				7ACC357E1E43302800F0BB9A /* Assets.xcassets in Resources */,
				7ACC35791E43302800F0BB9A /* Main.storyboard in Resources */,
			);
			runOnlyForDeploymentPostprocessing = 0;
		};
		7ACC35851E43302800F0BB9A /* Resources */ = {
			isa = PBXResourcesBuildPhase;
			buildActionMask = 2147483647;
			files = (
			);
			runOnlyForDeploymentPostprocessing = 0;
		};
		7ACC35901E43302800F0BB9A /* Resources */ = {
			isa = PBXResourcesBuildPhase;
			buildActionMask = 2147483647;
			files = (
			);
			runOnlyForDeploymentPostprocessing = 0;
		};
/* End PBXResourcesBuildPhase section */

/* Begin PBXSourcesBuildPhase section */
		7ACC356C1E43302800F0BB9A /* Sources */ = {
			isa = PBXSourcesBuildPhase;
			buildActionMask = 2147483647;
			files = (
				7ACC35761E43302800F0BB9A /* ViewController.swift in Sources */,
				7ACC35741E43302800F0BB9A /* AppDelegate.swift in Sources */,
				7ACC357C1E43302800F0BB9A /* PhotoExpresso.xcdatamodeld in Sources */,
			);
			runOnlyForDeploymentPostprocessing = 0;
		};
		7ACC35831E43302800F0BB9A /* Sources */ = {
			isa = PBXSourcesBuildPhase;
			buildActionMask = 2147483647;
			files = (
				7ACC358C1E43302800F0BB9A /* PhotoExpressoTests.swift in Sources */,
			);
			runOnlyForDeploymentPostprocessing = 0;
		};
		7ACC358E1E43302800F0BB9A /* Sources */ = {
			isa = PBXSourcesBuildPhase;
			buildActionMask = 2147483647;
			files = (
				7ACC35971E43302800F0BB9A /* PhotoExpressoUITests.swift in Sources */,
			);
			runOnlyForDeploymentPostprocessing = 0;
		};
/* End PBXSourcesBuildPhase section */

/* Begin PBXTargetDependency section */
		7ACC35891E43302800F0BB9A /* PBXTargetDependency */ = {
			isa = PBXTargetDependency;
			target = 7ACC356F1E43302800F0BB9A /* PhotoExpresso */;
			targetProxy = 7ACC35881E43302800F0BB9A /* PBXContainerItemProxy */;
		};
		7ACC35941E43302800F0BB9A /* PBXTargetDependency */ = {
			isa = PBXTargetDependency;
			target = 7ACC356F1E43302800F0BB9A /* PhotoExpresso */;
			targetProxy = 7ACC35931E43302800F0BB9A /* PBXContainerItemProxy */;
		};
/* End PBXTargetDependency section */

/* Begin PBXVariantGroup section */
		7ACC35771E43302800F0BB9A /* Main.storyboard */ = {
			isa = PBXVariantGroup;
			children = (
				7ACC35781E43302800F0BB9A /* Base */,
			);
			name = Main.storyboard;
			sourceTree = "<group>";
		};
		7ACC357F1E43302800F0BB9A /* LaunchScreen.storyboard */ = {
			isa = PBXVariantGroup;
			children = (
				7ACC35801E43302800F0BB9A /* Base */,
			);
			name = LaunchScreen.storyboard;
			sourceTree = "<group>";
		};
/* End PBXVariantGroup section */

/* Begin XCBuildConfiguration section */
		7ACC35991E43302800F0BB9A /* Debug */ = {
			isa = XCBuildConfiguration;
			buildSettings = {
				ALWAYS_SEARCH_USER_PATHS = NO;
				CLANG_ANALYZER_NONNULL = YES;
				CLANG_CXX_LANGUAGE_STANDARD = "gnu++0x";
				CLANG_CXX_LIBRARY = "libc++";
				CLANG_ENABLE_MODULES = YES;
				CLANG_ENABLE_OBJC_ARC = YES;
				CLANG_WARN_BOOL_CONVERSION = YES;
				CLANG_WARN_CONSTANT_CONVERSION = YES;
				CLANG_WARN_DIRECT_OBJC_ISA_USAGE = YES_ERROR;
				CLANG_WARN_DOCUMENTATION_COMMENTS = YES;
				CLANG_WARN_EMPTY_BODY = YES;
				CLANG_WARN_ENUM_CONVERSION = YES;
				CLANG_WARN_INFINITE_RECURSION = YES;
				CLANG_WARN_INT_CONVERSION = YES;
				CLANG_WARN_OBJC_ROOT_CLASS = YES_ERROR;
				CLANG_WARN_SUSPICIOUS_MOVE = YES;
				CLANG_WARN_UNREACHABLE_CODE = YES;
				CLANG_WARN__DUPLICATE_METHOD_MATCH = YES;
				"CODE_SIGN_IDENTITY[sdk=iphoneos*]" = "iPhone Developer";
				COPY_PHASE_STRIP = NO;
				DEBUG_INFORMATION_FORMAT = dwarf;
				ENABLE_STRICT_OBJC_MSGSEND = YES;
				ENABLE_TESTABILITY = YES;
				GCC_C_LANGUAGE_STANDARD = gnu99;
				GCC_DYNAMIC_NO_PIC = NO;
				GCC_NO_COMMON_BLOCKS = YES;
				GCC_OPTIMIZATION_LEVEL = 0;
				GCC_PREPROCESSOR_DEFINITIONS = (
					"DEBUG=1",
					"$(inherited)",
				);
				GCC_WARN_64_TO_32_BIT_CONVERSION = YES;
				GCC_WARN_ABOUT_RETURN_TYPE = YES_ERROR;
				GCC_WARN_UNDECLARED_SELECTOR = YES;
				GCC_WARN_UNINITIALIZED_AUTOS = YES_AGGRESSIVE;
				GCC_WARN_UNUSED_FUNCTION = YES;
				GCC_WARN_UNUSED_VARIABLE = YES;
				IPHONEOS_DEPLOYMENT_TARGET = 10.2;
				MTL_ENABLE_DEBUG_INFO = YES;
				ONLY_ACTIVE_ARCH = YES;
				SDKROOT = iphoneos;
				SWIFT_ACTIVE_COMPILATION_CONDITIONS = DEBUG;
				SWIFT_OPTIMIZATION_LEVEL = "-Onone";
				TARGETED_DEVICE_FAMILY = "1,2";
			};
			name = Debug;
		};
		7ACC359A1E43302800F0BB9A /* Release */ = {
			isa = XCBuildConfiguration;
			buildSettings = {
				ALWAYS_SEARCH_USER_PATHS = NO;
				CLANG_ANALYZER_NONNULL = YES;
				CLANG_CXX_LANGUAGE_STANDARD = "gnu++0x";
				CLANG_CXX_LIBRARY = "libc++";
				CLANG_ENABLE_MODULES = YES;
				CLANG_ENABLE_OBJC_ARC = YES;
				CLANG_WARN_BOOL_CONVERSION = YES;
				CLANG_WARN_CONSTANT_CONVERSION = YES;
				CLANG_WARN_DIRECT_OBJC_ISA_USAGE = YES_ERROR;
				CLANG_WARN_DOCUMENTATION_COMMENTS = YES;
				CLANG_WARN_EMPTY_BODY = YES;
				CLANG_WARN_ENUM_CONVERSION = YES;
				CLANG_WARN_INFINITE_RECURSION = YES;
				CLANG_WARN_INT_CONVERSION = YES;
				CLANG_WARN_OBJC_ROOT_CLASS = YES_ERROR;
				CLANG_WARN_SUSPICIOUS_MOVE = YES;
				CLANG_WARN_UNREACHABLE_CODE = YES;
				CLANG_WARN__DUPLICATE_METHOD_MATCH = YES;
				"CODE_SIGN_IDENTITY[sdk=iphoneos*]" = "iPhone Developer";
				COPY_PHASE_STRIP = NO;
				DEBUG_INFORMATION_FORMAT = "dwarf-with-dsym";
				ENABLE_NS_ASSERTIONS = NO;
				ENABLE_STRICT_OBJC_MSGSEND = YES;
				GCC_C_LANGUAGE_STANDARD = gnu99;
				GCC_NO_COMMON_BLOCKS = YES;
				GCC_WARN_64_TO_32_BIT_CONVERSION = YES;
				GCC_WARN_ABOUT_RETURN_TYPE = YES_ERROR;
				GCC_WARN_UNDECLARED_SELECTOR = YES;
				GCC_WARN_UNINITIALIZED_AUTOS = YES_AGGRESSIVE;
				GCC_WARN_UNUSED_FUNCTION = YES;
				GCC_WARN_UNUSED_VARIABLE = YES;
				IPHONEOS_DEPLOYMENT_TARGET = 10.2;
				MTL_ENABLE_DEBUG_INFO = NO;
				SDKROOT = iphoneos;
				SWIFT_OPTIMIZATION_LEVEL = "-Owholemodule";
				TARGETED_DEVICE_FAMILY = "1,2";
				VALIDATE_PRODUCT = YES;
			};
			name = Release;
		};
		7ACC359C1E43302800F0BB9A /* Debug */ = {
			isa = XCBuildConfiguration;
			buildSettings = {
				ASSETCATALOG_COMPILER_APPICON_NAME = AppIcon;
				INFOPLIST_FILE = PhotoExpresso/Info.plist;
				LD_RUNPATH_SEARCH_PATHS = "$(inherited) @executable_path/Frameworks";
				PRODUCT_BUNDLE_IDENTIFIER = barloufcorp.PhotoExpresso;
				PRODUCT_NAME = "$(TARGET_NAME)";
				SWIFT_VERSION = 3.0;
			};
			name = Debug;
		};
		7ACC359D1E43302800F0BB9A /* Release */ = {
			isa = XCBuildConfiguration;
			buildSettings = {
				ASSETCATALOG_COMPILER_APPICON_NAME = AppIcon;
				INFOPLIST_FILE = PhotoExpresso/Info.plist;
				LD_RUNPATH_SEARCH_PATHS = "$(inherited) @executable_path/Frameworks";
				PRODUCT_BUNDLE_IDENTIFIER = barloufcorp.PhotoExpresso;
				PRODUCT_NAME = "$(TARGET_NAME)";
				SWIFT_VERSION = 3.0;
			};
			name = Release;
		};
		7ACC359F1E43302800F0BB9A /* Debug */ = {
			isa = XCBuildConfiguration;
			buildSettings = {
				ALWAYS_EMBED_SWIFT_STANDARD_LIBRARIES = YES;
				BUNDLE_LOADER = "$(TEST_HOST)";
				INFOPLIST_FILE = PhotoExpressoTests/Info.plist;
				LD_RUNPATH_SEARCH_PATHS = "$(inherited) @executable_path/Frameworks @loader_path/Frameworks";
				PRODUCT_BUNDLE_IDENTIFIER = barloufcorp.PhotoExpressoTests;
				PRODUCT_NAME = "$(TARGET_NAME)";
				SWIFT_VERSION = 3.0;
				TEST_HOST = "$(BUILT_PRODUCTS_DIR)/PhotoExpresso.app/PhotoExpresso";
			};
			name = Debug;
		};
		7ACC35A01E43302800F0BB9A /* Release */ = {
			isa = XCBuildConfiguration;
			buildSettings = {
				ALWAYS_EMBED_SWIFT_STANDARD_LIBRARIES = YES;
				BUNDLE_LOADER = "$(TEST_HOST)";
				INFOPLIST_FILE = PhotoExpressoTests/Info.plist;
				LD_RUNPATH_SEARCH_PATHS = "$(inherited) @executable_path/Frameworks @loader_path/Frameworks";
				PRODUCT_BUNDLE_IDENTIFIER = barloufcorp.PhotoExpressoTests;
				PRODUCT_NAME = "$(TARGET_NAME)";
				SWIFT_VERSION = 3.0;
				TEST_HOST = "$(BUILT_PRODUCTS_DIR)/PhotoExpresso.app/PhotoExpresso";
			};
			name = Release;
		};
		7ACC35A21E43302800F0BB9A /* Debug */ = {
			isa = XCBuildConfiguration;
			buildSettings = {
				ALWAYS_EMBED_SWIFT_STANDARD_LIBRARIES = YES;
				INFOPLIST_FILE = PhotoExpressoUITests/Info.plist;
				LD_RUNPATH_SEARCH_PATHS = "$(inherited) @executable_path/Frameworks @loader_path/Frameworks";
				PRODUCT_BUNDLE_IDENTIFIER = barloufcorp.PhotoExpressoUITests;
				PRODUCT_NAME = "$(TARGET_NAME)";
				SWIFT_VERSION = 3.0;
				TEST_TARGET_NAME = PhotoExpresso;
			};
			name = Debug;
		};
		7ACC35A31E43302800F0BB9A /* Release */ = {
			isa = XCBuildConfiguration;
			buildSettings = {
				ALWAYS_EMBED_SWIFT_STANDARD_LIBRARIES = YES;
				INFOPLIST_FILE = PhotoExpressoUITests/Info.plist;
				LD_RUNPATH_SEARCH_PATHS = "$(inherited) @executable_path/Frameworks @loader_path/Frameworks";
				PRODUCT_BUNDLE_IDENTIFIER = barloufcorp.PhotoExpressoUITests;
				PRODUCT_NAME = "$(TARGET_NAME)";
				SWIFT_VERSION = 3.0;
				TEST_TARGET_NAME = PhotoExpresso;
			};
			name = Release;
		};
/* End XCBuildConfiguration section */

/* Begin XCConfigurationList section */
		7ACC356B1E43302800F0BB9A /* Build configuration list for PBXProject "PhotoExpresso" */ = {
			isa = XCConfigurationList;
			buildConfigurations = (
				7ACC35991E43302800F0BB9A /* Debug */,
				7ACC359A1E43302800F0BB9A /* Release */,
			);
			defaultConfigurationIsVisible = 0;
			defaultConfigurationName = Release;
		};
		7ACC359B1E43302800F0BB9A /* Build configuration list for PBXNativeTarget "PhotoExpresso" */ = {
			isa = XCConfigurationList;
			buildConfigurations = (
				7ACC359C1E43302800F0BB9A /* Debug */,
				7ACC359D1E43302800F0BB9A /* Release */,
			);
			defaultConfigurationIsVisible = 0;
		};
		7ACC359E1E43302800F0BB9A /* Build configuration list for PBXNativeTarget "PhotoExpressoTests" */ = {
			isa = XCConfigurationList;
			buildConfigurations = (
				7ACC359F1E43302800F0BB9A /* Debug */,
				7ACC35A01E43302800F0BB9A /* Release */,
			);
			defaultConfigurationIsVisible = 0;
		};
		7ACC35A11E43302800F0BB9A /* Build configuration list for PBXNativeTarget "PhotoExpressoUITests" */ = {
			isa = XCConfigurationList;
			buildConfigurations = (
				7ACC35A21E43302800F0BB9A /* Debug */,
				7ACC35A31E43302800F0BB9A /* Release */,
			);
			defaultConfigurationIsVisible = 0;
		};
/* End XCConfigurationList section */

/* Begin XCVersionGroup section */
		7ACC357A1E43302800F0BB9A /* PhotoExpresso.xcdatamodeld */ = {
			isa = XCVersionGroup;
			children = (
				7ACC357B1E43302800F0BB9A /* PhotoExpresso.xcdatamodel */,
			);
			currentVersion = 7ACC357B1E43302800F0BB9A /* PhotoExpresso.xcdatamodel */;
			path = PhotoExpresso.xcdatamodeld;
			sourceTree = "<group>";
			versionGroupType = wrapper.xcdatamodel;
		};
/* End XCVersionGroup section */
	};
	rootObject = 7ACC35681E43302800F0BB9A /* Project object */;
}
